
Microsoft Visual Studio Solution File, Format Version 12.00
# Visual Studio Version 17
VisualStudioVersion = 17.11.35312.102
MinimumVisualStudioVersion = 10.0.40219.1
Project("{FAE04EC0-301F-11D3-BF4B-00C04F79EFBC}") = "MvcProject", "MvcProject\MvcProject.csproj", "{0DADC076-AB10-46A1-9222-BC6E8FFC6696}"
EndProject
Global
	GlobalSection(SolutionConfigurationPlatforms) = preSolution
		Debug|Any CPU = Debug|Any CPU
		Release|Any CPU = Release|Any CPU
	EndGlobalSection
	GlobalSection(ProjectConfigurationPlatforms) = postSolution
		{0DADC076-AB10-46A1-9222-BC6E8FFC6696}.Debug|Any CPU.ActiveCfg = Debug|Any CPU
		{0DADC076-AB10-46A1-9222-BC6E8FFC6696}.Debug|Any CPU.Build.0 = Debug|Any CPU
		{0DADC076-AB10-46A1-9222-BC6E8FFC6696}.Release|Any CPU.ActiveCfg = Release|Any CPU
		{0DADC076-AB10-46A1-9222-BC6E8FFC6696}.Release|Any CPU.Build.0 = Release|Any CPU
	EndGlobalSection
	GlobalSection(SolutionProperties) = preSolution
		HideSolutionNode = FALSE
	EndGlobalSection
	GlobalSection(ExtensibilityGlobals) = postSolution
		SolutionGuid = {1AA43950-C5C1-431C-A169-B332AF708748}
	EndGlobalSection
EndGlobal
